
Microsoft Visual Studio Solution File, Format Version 12.00
# Visual Studio 2013
VisualStudioVersion = 12.0.30723.0
MinimumVisualStudioVersion = 10.0.40219.1
Project("{9092AA53-FB77-4645-B42D-1CCCA6BD08BD}") = "node-steam-chat-bot", "node-steam-chat-bot.njsproj", "{FD955029-A4AC-4312-B501-483EC19AA4A2}"
EndProject
Global
	GlobalSection(SolutionConfigurationPlatforms) = preSolution
		Debug|Any CPU = Debug|Any CPU
		Release|Any CPU = Release|Any CPU
	EndGlobalSection
	GlobalSection(ProjectConfigurationPlatforms) = postSolution
		{FD955029-A4AC-4312-B501-483EC19AA4A2}.Debug|Any CPU.ActiveCfg = Debug|Any CPU
		{FD955029-A4AC-4312-B501-483EC19AA4A2}.Debug|Any CPU.Build.0 = Debug|Any CPU
		{FD955029-A4AC-4312-B501-483EC19AA4A2}.Release|Any CPU.ActiveCfg = Release|Any CPU
		{FD955029-A4AC-4312-B501-483EC19AA4A2}.Release|Any CPU.Build.0 = Release|Any CPU
	EndGlobalSection
	GlobalSection(SolutionProperties) = preSolution
		HideSolutionNode = FALSE
	EndGlobalSection
EndGlobal
