
Microsoft Visual Studio Solution File, Format Version 12.00
# Visual Studio 14
VisualStudioVersion = 14.0.23107.0
MinimumVisualStudioVersion = 10.0.40219.1
Project("{9092AA53-FB77-4645-B42D-1CCCA6BD08BD}") = "node-steam-chat-bot", "node-steam-chat-bot.njsproj", "{9169822A-286D-4C6A-AFA2-47985BAECA9B}"
EndProject
Global
	GlobalSection(SolutionConfigurationPlatforms) = preSolution
		Debug|Any CPU = Debug|Any CPU
		Release|Any CPU = Release|Any CPU
	EndGlobalSection
	GlobalSection(ProjectConfigurationPlatforms) = postSolution
		{9169822A-286D-4C6A-AFA2-47985BAECA9B}.Debug|Any CPU.ActiveCfg = Debug|Any CPU
		{9169822A-286D-4C6A-AFA2-47985BAECA9B}.Debug|Any CPU.Build.0 = Debug|Any CPU
		{9169822A-286D-4C6A-AFA2-47985BAECA9B}.Release|Any CPU.ActiveCfg = Release|Any CPU
		{9169822A-286D-4C6A-AFA2-47985BAECA9B}.Release|Any CPU.Build.0 = Release|Any CPU
	EndGlobalSection
	GlobalSection(SolutionProperties) = preSolution
		HideSolutionNode = FALSE
	EndGlobalSection
EndGlobal
